// !$*UTF8*$!
{
	archiveVersion = 1;
	classes = {
	};
	objectVersion = 46;
	objects = {

/* Begin PBXBuildFile section */
		1499231ED199365D934A6218 /* Pods_TouchDrawDemo.framework in Frameworks */ = {isa = PBXBuildFile; fileRef = 9419262A54A2526BD1ECD17D /* Pods_TouchDrawDemo.framework */; };
		EE43D4731A14A6F200311C06 /* AppDelegate.swift in Sources */ = {isa = PBXBuildFile; fileRef = EE43D4721A14A6F200311C06 /* AppDelegate.swift */; };
		EE43D4751A14A6F200311C06 /* ViewController.swift in Sources */ = {isa = PBXBuildFile; fileRef = EE43D4741A14A6F200311C06 /* ViewController.swift */; };
		EE43D4781A14A6F200311C06 /* Main.storyboard in Resources */ = {isa = PBXBuildFile; fileRef = EE43D4761A14A6F200311C06 /* Main.storyboard */; };
		EE43D47A1A14A6F200311C06 /* Images.xcassets in Resources */ = {isa = PBXBuildFile; fileRef = EE43D4791A14A6F200311C06 /* Images.xcassets */; };
		EE43D47D1A14A6F200311C06 /* LaunchScreen.xib in Resources */ = {isa = PBXBuildFile; fileRef = EE43D47B1A14A6F200311C06 /* LaunchScreen.xib */; };
/* End PBXBuildFile section */

/* Begin PBXFileReference section */
		5484535A4A7D30269DA6B1DD /* Pods-TouchDrawDemo.release.xcconfig */ = {isa = PBXFileReference; includeInIndex = 1; lastKnownFileType = text.xcconfig; name = "Pods-TouchDrawDemo.release.xcconfig"; path = "Pods/Target Support Files/Pods-TouchDrawDemo/Pods-TouchDrawDemo.release.xcconfig"; sourceTree = "<group>"; };
		9419262A54A2526BD1ECD17D /* Pods_TouchDrawDemo.framework */ = {isa = PBXFileReference; explicitFileType = wrapper.framework; includeInIndex = 0; path = Pods_TouchDrawDemo.framework; sourceTree = BUILT_PRODUCTS_DIR; };
		A093867C58B2C460504D298A /* Pods.framework */ = {isa = PBXFileReference; explicitFileType = wrapper.framework; includeInIndex = 0; path = Pods.framework; sourceTree = BUILT_PRODUCTS_DIR; };
		A361851B2B8E807E7EFAF51F /* Pods-TouchDrawDemo.debug.xcconfig */ = {isa = PBXFileReference; includeInIndex = 1; lastKnownFileType = text.xcconfig; name = "Pods-TouchDrawDemo.debug.xcconfig"; path = "Pods/Target Support Files/Pods-TouchDrawDemo/Pods-TouchDrawDemo.debug.xcconfig"; sourceTree = "<group>"; };
		EE43D46D1A14A6F200311C06 /* TouchDrawDemo.app */ = {isa = PBXFileReference; explicitFileType = wrapper.application; includeInIndex = 0; path = TouchDrawDemo.app; sourceTree = BUILT_PRODUCTS_DIR; };
		EE43D4711A14A6F200311C06 /* Info.plist */ = {isa = PBXFileReference; lastKnownFileType = text.plist.xml; path = Info.plist; sourceTree = "<group>"; };
		EE43D4721A14A6F200311C06 /* AppDelegate.swift */ = {isa = PBXFileReference; lastKnownFileType = sourcecode.swift; path = AppDelegate.swift; sourceTree = "<group>"; };
		EE43D4741A14A6F200311C06 /* ViewController.swift */ = {isa = PBXFileReference; lastKnownFileType = sourcecode.swift; path = ViewController.swift; sourceTree = "<group>"; };
		EE43D4771A14A6F200311C06 /* Base */ = {isa = PBXFileReference; lastKnownFileType = file.storyboard; name = Base; path = Base.lproj/Main.storyboard; sourceTree = "<group>"; };
		EE43D4791A14A6F200311C06 /* Images.xcassets */ = {isa = PBXFileReference; lastKnownFileType = folder.assetcatalog; path = Images.xcassets; sourceTree = "<group>"; };
		EE43D47C1A14A6F200311C06 /* Base */ = {isa = PBXFileReference; lastKnownFileType = file.xib; name = Base; path = Base.lproj/LaunchScreen.xib; sourceTree = "<group>"; };
/* End PBXFileReference section */

/* Begin PBXFrameworksBuildPhase section */
		EE43D46A1A14A6F200311C06 /* Frameworks */ = {
			isa = PBXFrameworksBuildPhase;
			buildActionMask = 2147483647;
			files = (
				1499231ED199365D934A6218 /* Pods_TouchDrawDemo.framework in Frameworks */,
			);
			runOnlyForDeploymentPostprocessing = 0;
		};
/* End PBXFrameworksBuildPhase section */

/* Begin PBXGroup section */
		5DDE89E35A71717243AE9141 /* Pods */ = {
			isa = PBXGroup;
			children = (
				A361851B2B8E807E7EFAF51F /* Pods-TouchDrawDemo.debug.xcconfig */,
				5484535A4A7D30269DA6B1DD /* Pods-TouchDrawDemo.release.xcconfig */,
			);
			name = Pods;
			sourceTree = "<group>";
		};
		89D911C21C25988500DB6DDE /* UI */ = {
			isa = PBXGroup;
			children = (
				EE43D4761A14A6F200311C06 /* Main.storyboard */,
			);
			name = UI;
			sourceTree = "<group>";
		};
		B90ADA956422C12ACFECF533 /* Frameworks */ = {
			isa = PBXGroup;
			children = (
				A093867C58B2C460504D298A /* Pods.framework */,
				9419262A54A2526BD1ECD17D /* Pods_TouchDrawDemo.framework */,
			);
			name = Frameworks;
			sourceTree = "<group>";
		};
		EE43D4641A14A6F200311C06 = {
			isa = PBXGroup;
			children = (
				EE43D46F1A14A6F200311C06 /* TouchDrawDemo */,
				EE43D46E1A14A6F200311C06 /* Products */,
				B90ADA956422C12ACFECF533 /* Frameworks */,
				5DDE89E35A71717243AE9141 /* Pods */,
			);
			sourceTree = "<group>";
		};
		EE43D46E1A14A6F200311C06 /* Products */ = {
			isa = PBXGroup;
			children = (
				EE43D46D1A14A6F200311C06 /* TouchDrawDemo.app */,
			);
			name = Products;
			sourceTree = "<group>";
		};
		EE43D46F1A14A6F200311C06 /* TouchDrawDemo */ = {
			isa = PBXGroup;
			children = (
				89D911C21C25988500DB6DDE /* UI */,
				EE43D4721A14A6F200311C06 /* AppDelegate.swift */,
				EE43D4741A14A6F200311C06 /* ViewController.swift */,
				EE43D4791A14A6F200311C06 /* Images.xcassets */,
				EE43D47B1A14A6F200311C06 /* LaunchScreen.xib */,
				EE43D4701A14A6F200311C06 /* Supporting Files */,
			);
			path = TouchDrawDemo;
			sourceTree = "<group>";
		};
		EE43D4701A14A6F200311C06 /* Supporting Files */ = {
			isa = PBXGroup;
			children = (
				EE43D4711A14A6F200311C06 /* Info.plist */,
			);
			name = "Supporting Files";
			sourceTree = "<group>";
		};
/* End PBXGroup section */

/* Begin PBXNativeTarget section */
		EE43D46C1A14A6F200311C06 /* TouchDrawDemo */ = {
			isa = PBXNativeTarget;
			buildConfigurationList = EE43D48C1A14A6F200311C06 /* Build configuration list for PBXNativeTarget "TouchDrawDemo" */;
			buildPhases = (
				387D09E087E530047B635643 /* [CP] Check Pods Manifest.lock */,
				EE43D4691A14A6F200311C06 /* Sources */,
				EE43D46A1A14A6F200311C06 /* Frameworks */,
				EE43D46B1A14A6F200311C06 /* Resources */,
				92727888AFAFBE90DB06A190 /* [CP] Embed Pods Frameworks */,
				E02A90476D5F5748EAB40ACC /* [CP] Copy Pods Resources */,
			);
			buildRules = (
			);
			dependencies = (
			);
			name = TouchDrawDemo;
			productName = TouchDrawDemo;
			productReference = EE43D46D1A14A6F200311C06 /* TouchDrawDemo.app */;
			productType = "com.apple.product-type.application";
		};
/* End PBXNativeTarget section */

/* Begin PBXProject section */
		EE43D4651A14A6F200311C06 /* Project object */ = {
			isa = PBXProject;
			attributes = {
				LastSwiftUpdateCheck = 0700;
				LastUpgradeCheck = 0830;
				ORGANIZATIONNAME = "Christian Paul Dehli";
				TargetAttributes = {
					EE43D46C1A14A6F200311C06 = {
						CreatedOnToolsVersion = 6.1;
						LastSwiftMigration = 0810;
					};
				};
			};
			buildConfigurationList = EE43D4681A14A6F200311C06 /* Build configuration list for PBXProject "TouchDrawDemo" */;
			compatibilityVersion = "Xcode 3.2";
			developmentRegion = English;
			hasScannedForEncodings = 0;
			knownRegions = (
				en,
				Base,
			);
			mainGroup = EE43D4641A14A6F200311C06;
			productRefGroup = EE43D46E1A14A6F200311C06 /* Products */;
			projectDirPath = "";
			projectRoot = "";
			targets = (
				EE43D46C1A14A6F200311C06 /* TouchDrawDemo */,
			);
		};
/* End PBXProject section */

/* Begin PBXResourcesBuildPhase section */
		EE43D46B1A14A6F200311C06 /* Resources */ = {
			isa = PBXResourcesBuildPhase;
			buildActionMask = 2147483647;
			files = (
				EE43D4781A14A6F200311C06 /* Main.storyboard in Resources */,
				EE43D47D1A14A6F200311C06 /* LaunchScreen.xib in Resources */,
				EE43D47A1A14A6F200311C06 /* Images.xcassets in Resources */,
			);
			runOnlyForDeploymentPostprocessing = 0;
		};
/* End PBXResourcesBuildPhase section */

/* Begin PBXShellScriptBuildPhase section */
		387D09E087E530047B635643 /* [CP] Check Pods Manifest.lock */ = {
			isa = PBXShellScriptBuildPhase;
			buildActionMask = 2147483647;
			files = (
			);
			inputPaths = (
			);
			name = "[CP] Check Pods Manifest.lock";
			outputPaths = (
			);
			runOnlyForDeploymentPostprocessing = 0;
			shellPath = /bin/sh;
			shellScript = "diff \"${PODS_PODFILE_DIR_PATH}/Podfile.lock\" \"${PODS_ROOT}/Manifest.lock\" > /dev/null\nif [ $? != 0 ] ; then\n    # print error to STDERR\n    echo \"error: The sandbox is not in sync with the Podfile.lock. Run 'pod install' or update your CocoaPods installation.\" >&2\n    exit 1\nfi\n";
			showEnvVarsInLog = 0;
		};
		92727888AFAFBE90DB06A190 /* [CP] Embed Pods Frameworks */ = {
			isa = PBXShellScriptBuildPhase;
			buildActionMask = 2147483647;
			files = (
			);
			inputPaths = (
			);
			name = "[CP] Embed Pods Frameworks";
			outputPaths = (
			);
			runOnlyForDeploymentPostprocessing = 0;
			shellPath = /bin/sh;
			shellScript = "\"${SRCROOT}/Pods/Target Support Files/Pods-TouchDrawDemo/Pods-TouchDrawDemo-frameworks.sh\"\n";
			showEnvVarsInLog = 0;
		};
		E02A90476D5F5748EAB40ACC /* [CP] Copy Pods Resources */ = {
			isa = PBXShellScriptBuildPhase;
			buildActionMask = 2147483647;
			files = (
			);
			inputPaths = (
			);
			name = "[CP] Copy Pods Resources";
			outputPaths = (
			);
			runOnlyForDeploymentPostprocessing = 0;
			shellPath = /bin/sh;
			shellScript = "\"${SRCROOT}/Pods/Target Support Files/Pods-TouchDrawDemo/Pods-TouchDrawDemo-resources.sh\"\n";
			showEnvVarsInLog = 0;
		};
/* End PBXShellScriptBuildPhase section */

/* Begin PBXSourcesBuildPhase section */
		EE43D4691A14A6F200311C06 /* Sources */ = {
			isa = PBXSourcesBuildPhase;
			buildActionMask = 2147483647;
			files = (
				EE43D4751A14A6F200311C06 /* ViewController.swift in Sources */,
				EE43D4731A14A6F200311C06 /* AppDelegate.swift in Sources */,
			);
			runOnlyForDeploymentPostprocessing = 0;
		};
/* End PBXSourcesBuildPhase section */

/* Begin PBXVariantGroup section */
		EE43D4761A14A6F200311C06 /* Main.storyboard */ = {
			isa = PBXVariantGroup;
			children = (
				EE43D4771A14A6F200311C06 /* Base */,
			);
			name = Main.storyboard;
			sourceTree = "<group>";
		};
		EE43D47B1A14A6F200311C06 /* LaunchScreen.xib */ = {
			isa = PBXVariantGroup;
			children = (
				EE43D47C1A14A6F200311C06 /* Base */,
			);
			name = LaunchScreen.xib;
			sourceTree = "<group>";
		};
/* End PBXVariantGroup section */

/* Begin XCBuildConfiguration section */
		EE43D48A1A14A6F200311C06 /* Debug */ = {
			isa = XCBuildConfiguration;
			buildSettings = {
				ALWAYS_SEARCH_USER_PATHS = NO;
				CLANG_CXX_LANGUAGE_STANDARD = "gnu++0x";
				CLANG_CXX_LIBRARY = "libc++";
				CLANG_ENABLE_MODULES = YES;
				CLANG_ENABLE_OBJC_ARC = YES;
				CLANG_WARN_BOOL_CONVERSION = YES;
				CLANG_WARN_CONSTANT_CONVERSION = YES;
				CLANG_WARN_DIRECT_OBJC_ISA_USAGE = YES_ERROR;
				CLANG_WARN_EMPTY_BODY = YES;
				CLANG_WARN_ENUM_CONVERSION = YES;
				CLANG_WARN_INFINITE_RECURSION = YES;
				CLANG_WARN_INT_CONVERSION = YES;
				CLANG_WARN_OBJC_ROOT_CLASS = YES_ERROR;
				CLANG_WARN_SUSPICIOUS_MOVE = YES;
				CLANG_WARN_UNREACHABLE_CODE = YES;
				CLANG_WARN__DUPLICATE_METHOD_MATCH = YES;
				"CODE_SIGN_IDENTITY[sdk=iphoneos*]" = "iPhone Developer";
				COPY_PHASE_STRIP = NO;
				ENABLE_STRICT_OBJC_MSGSEND = YES;
				ENABLE_TESTABILITY = YES;
				GCC_C_LANGUAGE_STANDARD = gnu99;
				GCC_DYNAMIC_NO_PIC = NO;
				GCC_NO_COMMON_BLOCKS = YES;
				GCC_OPTIMIZATION_LEVEL = 0;
				GCC_PREPROCESSOR_DEFINITIONS = (
					"DEBUG=1",
					"$(inherited)",
				);
				GCC_SYMBOLS_PRIVATE_EXTERN = NO;
				GCC_WARN_64_TO_32_BIT_CONVERSION = YES;
				GCC_WARN_ABOUT_RETURN_TYPE = YES_ERROR;
				GCC_WARN_UNDECLARED_SELECTOR = YES;
				GCC_WARN_UNINITIALIZED_AUTOS = YES_AGGRESSIVE;
				GCC_WARN_UNUSED_FUNCTION = YES;
				GCC_WARN_UNUSED_VARIABLE = YES;
				IPHONEOS_DEPLOYMENT_TARGET = 8.1;
				MTL_ENABLE_DEBUG_INFO = YES;
				ONLY_ACTIVE_ARCH = YES;
				SDKROOT = iphoneos;
				SWIFT_OPTIMIZATION_LEVEL = "-Onone";
			};
			name = Debug;
		};
		EE43D48B1A14A6F200311C06 /* Release */ = {
			isa = XCBuildConfiguration;
			buildSettings = {
				ALWAYS_SEARCH_USER_PATHS = NO;
				CLANG_CXX_LANGUAGE_STANDARD = "gnu++0x";
				CLANG_CXX_LIBRARY = "libc++";
				CLANG_ENABLE_MODULES = YES;
				CLANG_ENABLE_OBJC_ARC = YES;
				CLANG_WARN_BOOL_CONVERSION = YES;
				CLANG_WARN_CONSTANT_CONVERSION = YES;
				CLANG_WARN_DIRECT_OBJC_ISA_USAGE = YES_ERROR;
				CLANG_WARN_EMPTY_BODY = YES;
				CLANG_WARN_ENUM_CONVERSION = YES;
				CLANG_WARN_INFINITE_RECURSION = YES;
				CLANG_WARN_INT_CONVERSION = YES;
				CLANG_WARN_OBJC_ROOT_CLASS = YES_ERROR;
				CLANG_WARN_SUSPICIOUS_MOVE = YES;
				CLANG_WARN_UNREACHABLE_CODE = YES;
				CLANG_WARN__DUPLICATE_METHOD_MATCH = YES;
				"CODE_SIGN_IDENTITY[sdk=iphoneos*]" = "iPhone Developer";
				COPY_PHASE_STRIP = YES;
				ENABLE_NS_ASSERTIONS = NO;
				ENABLE_STRICT_OBJC_MSGSEND = YES;
				GCC_C_LANGUAGE_STANDARD = gnu99;
				GCC_NO_COMMON_BLOCKS = YES;
				GCC_WARN_64_TO_32_BIT_CONVERSION = YES;
				GCC_WARN_ABOUT_RETURN_TYPE = YES_ERROR;
				GCC_WARN_UNDECLARED_SELECTOR = YES;
				GCC_WARN_UNINITIALIZED_AUTOS = YES_AGGRESSIVE;
				GCC_WARN_UNUSED_FUNCTION = YES;
				GCC_WARN_UNUSED_VARIABLE = YES;
				IPHONEOS_DEPLOYMENT_TARGET = 8.1;
				MTL_ENABLE_DEBUG_INFO = NO;
				SDKROOT = iphoneos;
				SWIFT_OPTIMIZATION_LEVEL = "-Owholemodule";
				VALIDATE_PRODUCT = YES;
			};
			name = Release;
		};
		EE43D48D1A14A6F200311C06 /* Debug */ = {
			isa = XCBuildConfiguration;
			baseConfigurationReference = A361851B2B8E807E7EFAF51F /* Pods-TouchDrawDemo.debug.xcconfig */;
			buildSettings = {
				ALWAYS_EMBED_SWIFT_STANDARD_LIBRARIES = "$(inherited)";
				ASSETCATALOG_COMPILER_APPICON_NAME = AppIcon;
				INFOPLIST_FILE = TouchDrawDemo/Info.plist;
				LD_RUNPATH_SEARCH_PATHS = "$(inherited) @executable_path/Frameworks";
				PRODUCT_BUNDLE_IDENTIFIER = io.dehli.touchdraw;
				PRODUCT_NAME = TouchDrawDemo;
				SWIFT_VERSION = 3.0;
			};
			name = Debug;
		};
		EE43D48E1A14A6F200311C06 /* Release */ = {
			isa = XCBuildConfiguration;
			baseConfigurationReference = 5484535A4A7D30269DA6B1DD /* Pods-TouchDrawDemo.release.xcconfig */;
			buildSettings = {
				ALWAYS_EMBED_SWIFT_STANDARD_LIBRARIES = "$(inherited)";
				ASSETCATALOG_COMPILER_APPICON_NAME = AppIcon;
				INFOPLIST_FILE = TouchDrawDemo/Info.plist;
				LD_RUNPATH_SEARCH_PATHS = "$(inherited) @executable_path/Frameworks";
				PRODUCT_BUNDLE_IDENTIFIER = io.dehli.touchdraw;
				PRODUCT_NAME = TouchDrawDemo;
				SWIFT_VERSION = 3.0;
			};
			name = Release;
		};
/* End XCBuildConfiguration section */

/* Begin XCConfigurationList section */
		EE43D4681A14A6F200311C06 /* Build configuration list for PBXProject "TouchDrawDemo" */ = {
			isa = XCConfigurationList;
			buildConfigurations = (
				EE43D48A1A14A6F200311C06 /* Debug */,
				EE43D48B1A14A6F200311C06 /* Release */,
			);
			defaultConfigurationIsVisible = 0;
			defaultConfigurationName = Release;
		};
		EE43D48C1A14A6F200311C06 /* Build configuration list for PBXNativeTarget "TouchDrawDemo" */ = {
			isa = XCConfigurationList;
			buildConfigurations = (
				EE43D48D1A14A6F200311C06 /* Debug */,
				EE43D48E1A14A6F200311C06 /* Release */,
			);
			defaultConfigurationIsVisible = 0;
			defaultConfigurationName = Release;
		};
/* End XCConfigurationList section */
	};
	rootObject = EE43D4651A14A6F200311C06 /* Project object */;
}
